
Microsoft Visual Studio Solution File, Format Version 12.00
# Visual Studio Version 17
VisualStudioVersion = 17.6.33801.468
MinimumVisualStudioVersion = 10.0.40219.1
Project("{9A19103F-16F7-4668-BE54-9A1E7A4F7556}") = "JsonPlaceHolderRestApi", "JsonPlaceHolderRestApi\JsonPlaceHolderRestApi.csproj", "{9525D721-AF47-46E8-AB66-6ACFED4C4B9C}"
EndProject
Project("{9A19103F-16F7-4668-BE54-9A1E7A4F7556}") = "JsonAPI_Nunit", "JsonAPI_Nunit\JsonAPI_Nunit.csproj", "{9E137A69-0735-438F-A513-D14C43E2DA34}"
EndProject
Project("{9A19103F-16F7-4668-BE54-9A1E7A4F7556}") = "JSonPlaceHolderApiModularizedCode", "JSonPlaceHolderApiModularizedCode\JSonPlaceHolderApiModularizedCode.csproj", "{0B77F71C-2224-479E-BE6A-FD7B1F50A8EC}"
EndProject
Project("{FAE04EC0-301F-11D3-BF4B-00C04F79EFBC}") = "RestBookerApi", "RestBookerApi\RestBookerApi.csproj", "{601BCDFC-1F6F-4EE2-9596-68B1BD8889A8}"
EndProject
Global
	GlobalSection(SolutionConfigurationPlatforms) = preSolution
		Debug|Any CPU = Debug|Any CPU
		Release|Any CPU = Release|Any CPU
	EndGlobalSection
	GlobalSection(ProjectConfigurationPlatforms) = postSolution
		{9525D721-AF47-46E8-AB66-6ACFED4C4B9C}.Debug|Any CPU.ActiveCfg = Debug|Any CPU
		{9525D721-AF47-46E8-AB66-6ACFED4C4B9C}.Debug|Any CPU.Build.0 = Debug|Any CPU
		{9525D721-AF47-46E8-AB66-6ACFED4C4B9C}.Release|Any CPU.ActiveCfg = Release|Any CPU
		{9525D721-AF47-46E8-AB66-6ACFED4C4B9C}.Release|Any CPU.Build.0 = Release|Any CPU
		{9E137A69-0735-438F-A513-D14C43E2DA34}.Debug|Any CPU.ActiveCfg = Debug|Any CPU
		{9E137A69-0735-438F-A513-D14C43E2DA34}.Debug|Any CPU.Build.0 = Debug|Any CPU
		{9E137A69-0735-438F-A513-D14C43E2DA34}.Release|Any CPU.ActiveCfg = Release|Any CPU
		{9E137A69-0735-438F-A513-D14C43E2DA34}.Release|Any CPU.Build.0 = Release|Any CPU
		{0B77F71C-2224-479E-BE6A-FD7B1F50A8EC}.Debug|Any CPU.ActiveCfg = Debug|Any CPU
		{0B77F71C-2224-479E-BE6A-FD7B1F50A8EC}.Debug|Any CPU.Build.0 = Debug|Any CPU
		{0B77F71C-2224-479E-BE6A-FD7B1F50A8EC}.Release|Any CPU.ActiveCfg = Release|Any CPU
		{0B77F71C-2224-479E-BE6A-FD7B1F50A8EC}.Release|Any CPU.Build.0 = Release|Any CPU
		{601BCDFC-1F6F-4EE2-9596-68B1BD8889A8}.Debug|Any CPU.ActiveCfg = Debug|Any CPU
		{601BCDFC-1F6F-4EE2-9596-68B1BD8889A8}.Debug|Any CPU.Build.0 = Debug|Any CPU
		{601BCDFC-1F6F-4EE2-9596-68B1BD8889A8}.Release|Any CPU.ActiveCfg = Release|Any CPU
		{601BCDFC-1F6F-4EE2-9596-68B1BD8889A8}.Release|Any CPU.Build.0 = Release|Any CPU
	EndGlobalSection
	GlobalSection(SolutionProperties) = preSolution
		HideSolutionNode = FALSE
	EndGlobalSection
	GlobalSection(ExtensibilityGlobals) = postSolution
		SolutionGuid = {A800C5B6-1D28-4196-B85C-DD31BDAE6B45}
	EndGlobalSection
EndGlobal
